// !$*UTF8*$!
{
	archiveVersion = 1;
	classes = {
	};
	objectVersion = 50;
	objects = {

/* Begin PBXBuildFile section */
		68842DC324230B0C006CBB3D /* AppDelegate.swift in Sources */ = {isa = PBXBuildFile; fileRef = 68842DC224230B0C006CBB3D /* AppDelegate.swift */; };
		68842DC524230B0C006CBB3D /* SceneDelegate.swift in Sources */ = {isa = PBXBuildFile; fileRef = 68842DC424230B0C006CBB3D /* SceneDelegate.swift */; };
		68842DCA24230B0C006CBB3D /* Main.storyboard in Resources */ = {isa = PBXBuildFile; fileRef = 68842DC824230B0C006CBB3D /* Main.storyboard */; };
		68842DCC24230B0F006CBB3D /* Assets.xcassets in Resources */ = {isa = PBXBuildFile; fileRef = 68842DCB24230B0F006CBB3D /* Assets.xcassets */; };
		68842DCF24230B0F006CBB3D /* LaunchScreen.storyboard in Resources */ = {isa = PBXBuildFile; fileRef = 68842DCD24230B0F006CBB3D /* LaunchScreen.storyboard */; };
		68842DDA24230B0F006CBB3D /* SwiftWeatherTests.swift in Sources */ = {isa = PBXBuildFile; fileRef = 68842DD924230B0F006CBB3D /* SwiftWeatherTests.swift */; };
		68842DE524230B0F006CBB3D /* SwiftWeatherUITests.swift in Sources */ = {isa = PBXBuildFile; fileRef = 68842DE424230B0F006CBB3D /* SwiftWeatherUITests.swift */; };
		68842DF324230D7A006CBB3D /* WeatherTableTableViewController.swift in Sources */ = {isa = PBXBuildFile; fileRef = 68842DF224230D7A006CBB3D /* WeatherTableTableViewController.swift */; };
		68842DF52423173B006CBB3D /* Weather.swift in Sources */ = {isa = PBXBuildFile; fileRef = 68842DF42423173B006CBB3D /* Weather.swift */; };
/* End PBXBuildFile section */

/* Begin PBXContainerItemProxy section */
		68842DD624230B0F006CBB3D /* PBXContainerItemProxy */ = {
			isa = PBXContainerItemProxy;
			containerPortal = 68842DB724230B0C006CBB3D /* Project object */;
			proxyType = 1;
			remoteGlobalIDString = 68842DBE24230B0C006CBB3D;
			remoteInfo = SwiftWeather;
		};
		68842DE124230B0F006CBB3D /* PBXContainerItemProxy */ = {
			isa = PBXContainerItemProxy;
			containerPortal = 68842DB724230B0C006CBB3D /* Project object */;
			proxyType = 1;
			remoteGlobalIDString = 68842DBE24230B0C006CBB3D;
			remoteInfo = SwiftWeather;
		};
/* End PBXContainerItemProxy section */

/* Begin PBXFileReference section */
		68842DBF24230B0C006CBB3D /* SwiftWeather.app */ = {isa = PBXFileReference; explicitFileType = wrapper.application; includeInIndex = 0; path = SwiftWeather.app; sourceTree = BUILT_PRODUCTS_DIR; };
		68842DC224230B0C006CBB3D /* AppDelegate.swift */ = {isa = PBXFileReference; lastKnownFileType = sourcecode.swift; path = AppDelegate.swift; sourceTree = "<group>"; };
		68842DC424230B0C006CBB3D /* SceneDelegate.swift */ = {isa = PBXFileReference; lastKnownFileType = sourcecode.swift; path = SceneDelegate.swift; sourceTree = "<group>"; };
		68842DC924230B0C006CBB3D /* Base */ = {isa = PBXFileReference; lastKnownFileType = file.storyboard; name = Base; path = Base.lproj/Main.storyboard; sourceTree = "<group>"; };
		68842DCB24230B0F006CBB3D /* Assets.xcassets */ = {isa = PBXFileReference; lastKnownFileType = folder.assetcatalog; path = Assets.xcassets; sourceTree = "<group>"; };
		68842DCE24230B0F006CBB3D /* Base */ = {isa = PBXFileReference; lastKnownFileType = file.storyboard; name = Base; path = Base.lproj/LaunchScreen.storyboard; sourceTree = "<group>"; };
		68842DD024230B0F006CBB3D /* Info.plist */ = {isa = PBXFileReference; lastKnownFileType = text.plist.xml; path = Info.plist; sourceTree = "<group>"; };
		68842DD524230B0F006CBB3D /* SwiftWeatherTests.xctest */ = {isa = PBXFileReference; explicitFileType = wrapper.cfbundle; includeInIndex = 0; path = SwiftWeatherTests.xctest; sourceTree = BUILT_PRODUCTS_DIR; };
		68842DD924230B0F006CBB3D /* SwiftWeatherTests.swift */ = {isa = PBXFileReference; lastKnownFileType = sourcecode.swift; path = SwiftWeatherTests.swift; sourceTree = "<group>"; };
		68842DDB24230B0F006CBB3D /* Info.plist */ = {isa = PBXFileReference; lastKnownFileType = text.plist.xml; path = Info.plist; sourceTree = "<group>"; };
		68842DE024230B0F006CBB3D /* SwiftWeatherUITests.xctest */ = {isa = PBXFileReference; explicitFileType = wrapper.cfbundle; includeInIndex = 0; path = SwiftWeatherUITests.xctest; sourceTree = BUILT_PRODUCTS_DIR; };
		68842DE424230B0F006CBB3D /* SwiftWeatherUITests.swift */ = {isa = PBXFileReference; lastKnownFileType = sourcecode.swift; path = SwiftWeatherUITests.swift; sourceTree = "<group>"; };
		68842DE624230B0F006CBB3D /* Info.plist */ = {isa = PBXFileReference; lastKnownFileType = text.plist.xml; path = Info.plist; sourceTree = "<group>"; };
		68842DF224230D7A006CBB3D /* WeatherTableTableViewController.swift */ = {isa = PBXFileReference; lastKnownFileType = sourcecode.swift; path = WeatherTableTableViewController.swift; sourceTree = "<group>"; };
		68842DF42423173B006CBB3D /* Weather.swift */ = {isa = PBXFileReference; lastKnownFileType = sourcecode.swift; path = Weather.swift; sourceTree = "<group>"; };
/* End PBXFileReference section */

/* Begin PBXFrameworksBuildPhase section */
		68842DBC24230B0C006CBB3D /* Frameworks */ = {
			isa = PBXFrameworksBuildPhase;
			buildActionMask = 2147483647;
			files = (
			);
			runOnlyForDeploymentPostprocessing = 0;
		};
		68842DD224230B0F006CBB3D /* Frameworks */ = {
			isa = PBXFrameworksBuildPhase;
			buildActionMask = 2147483647;
			files = (
			);
			runOnlyForDeploymentPostprocessing = 0;
		};
		68842DDD24230B0F006CBB3D /* Frameworks */ = {
			isa = PBXFrameworksBuildPhase;
			buildActionMask = 2147483647;
			files = (
			);
			runOnlyForDeploymentPostprocessing = 0;
		};
/* End PBXFrameworksBuildPhase section */

/* Begin PBXGroup section */
		68842DB624230B0C006CBB3D = {
			isa = PBXGroup;
			children = (
				68842DF224230D7A006CBB3D /* WeatherTableTableViewController.swift */,
				68842DC124230B0C006CBB3D /* SwiftWeather */,
				68842DD824230B0F006CBB3D /* SwiftWeatherTests */,
				68842DE324230B0F006CBB3D /* SwiftWeatherUITests */,
				68842DC024230B0C006CBB3D /* Products */,
			);
			sourceTree = "<group>";
		};
		68842DC024230B0C006CBB3D /* Products */ = {
			isa = PBXGroup;
			children = (
				68842DBF24230B0C006CBB3D /* SwiftWeather.app */,
				68842DD524230B0F006CBB3D /* SwiftWeatherTests.xctest */,
				68842DE024230B0F006CBB3D /* SwiftWeatherUITests.xctest */,
			);
			name = Products;
			sourceTree = "<group>";
		};
		68842DC124230B0C006CBB3D /* SwiftWeather */ = {
			isa = PBXGroup;
			children = (
				68842DC224230B0C006CBB3D /* AppDelegate.swift */,
				68842DC424230B0C006CBB3D /* SceneDelegate.swift */,
				68842DF42423173B006CBB3D /* Weather.swift */,
				68842DC824230B0C006CBB3D /* Main.storyboard */,
				68842DCB24230B0F006CBB3D /* Assets.xcassets */,
				68842DCD24230B0F006CBB3D /* LaunchScreen.storyboard */,
				68842DD024230B0F006CBB3D /* Info.plist */,
			);
			path = SwiftWeather;
			sourceTree = "<group>";
		};
		68842DD824230B0F006CBB3D /* SwiftWeatherTests */ = {
			isa = PBXGroup;
			children = (
				68842DD924230B0F006CBB3D /* SwiftWeatherTests.swift */,
				68842DDB24230B0F006CBB3D /* Info.plist */,
			);
			path = SwiftWeatherTests;
			sourceTree = "<group>";
		};
		68842DE324230B0F006CBB3D /* SwiftWeatherUITests */ = {
			isa = PBXGroup;
			children = (
				68842DE424230B0F006CBB3D /* SwiftWeatherUITests.swift */,
				68842DE624230B0F006CBB3D /* Info.plist */,
			);
			path = SwiftWeatherUITests;
			sourceTree = "<group>";
		};
/* End PBXGroup section */

/* Begin PBXNativeTarget section */
		68842DBE24230B0C006CBB3D /* SwiftWeather */ = {
			isa = PBXNativeTarget;
			buildConfigurationList = 68842DE924230B0F006CBB3D /* Build configuration list for PBXNativeTarget "SwiftWeather" */;
			buildPhases = (
				68842DBB24230B0C006CBB3D /* Sources */,
				68842DBC24230B0C006CBB3D /* Frameworks */,
				68842DBD24230B0C006CBB3D /* Resources */,
			);
			buildRules = (
			);
			dependencies = (
			);
			name = SwiftWeather;
			productName = SwiftWeather;
			productReference = 68842DBF24230B0C006CBB3D /* SwiftWeather.app */;
			productType = "com.apple.product-type.application";
		};
		68842DD424230B0F006CBB3D /* SwiftWeatherTests */ = {
			isa = PBXNativeTarget;
			buildConfigurationList = 68842DEC24230B0F006CBB3D /* Build configuration list for PBXNativeTarget "SwiftWeatherTests" */;
			buildPhases = (
				68842DD124230B0F006CBB3D /* Sources */,
				68842DD224230B0F006CBB3D /* Frameworks */,
				68842DD324230B0F006CBB3D /* Resources */,
			);
			buildRules = (
			);
			dependencies = (
				68842DD724230B0F006CBB3D /* PBXTargetDependency */,
			);
			name = SwiftWeatherTests;
			productName = SwiftWeatherTests;
			productReference = 68842DD524230B0F006CBB3D /* SwiftWeatherTests.xctest */;
			productType = "com.apple.product-type.bundle.unit-test";
		};
		68842DDF24230B0F006CBB3D /* SwiftWeatherUITests */ = {
			isa = PBXNativeTarget;
			buildConfigurationList = 68842DEF24230B0F006CBB3D /* Build configuration list for PBXNativeTarget "SwiftWeatherUITests" */;
			buildPhases = (
				68842DDC24230B0F006CBB3D /* Sources */,
				68842DDD24230B0F006CBB3D /* Frameworks */,
				68842DDE24230B0F006CBB3D /* Resources */,
			);
			buildRules = (
			);
			dependencies = (
				68842DE224230B0F006CBB3D /* PBXTargetDependency */,
			);
			name = SwiftWeatherUITests;
			productName = SwiftWeatherUITests;
			productReference = 68842DE024230B0F006CBB3D /* SwiftWeatherUITests.xctest */;
			productType = "com.apple.product-type.bundle.ui-testing";
		};
/* End PBXNativeTarget section */

/* Begin PBXProject section */
		68842DB724230B0C006CBB3D /* Project object */ = {
			isa = PBXProject;
			attributes = {
				LastSwiftUpdateCheck = 1130;
				LastUpgradeCheck = 1130;
				ORGANIZATIONNAME = PragnyaDesh;
				TargetAttributes = {
					68842DBE24230B0C006CBB3D = {
						CreatedOnToolsVersion = 11.3.1;
					};
					68842DD424230B0F006CBB3D = {
						CreatedOnToolsVersion = 11.3.1;
						TestTargetID = 68842DBE24230B0C006CBB3D;
					};
					68842DDF24230B0F006CBB3D = {
						CreatedOnToolsVersion = 11.3.1;
						TestTargetID = 68842DBE24230B0C006CBB3D;
					};
				};
			};
			buildConfigurationList = 68842DBA24230B0C006CBB3D /* Build configuration list for PBXProject "SwiftWeather" */;
			compatibilityVersion = "Xcode 9.3";
			developmentRegion = en;
			hasScannedForEncodings = 0;
			knownRegions = (
				en,
				Base,
			);
			mainGroup = 68842DB624230B0C006CBB3D;
			productRefGroup = 68842DC024230B0C006CBB3D /* Products */;
			projectDirPath = "";
			projectRoot = "";
			targets = (
				68842DBE24230B0C006CBB3D /* SwiftWeather */,
				68842DD424230B0F006CBB3D /* SwiftWeatherTests */,
				68842DDF24230B0F006CBB3D /* SwiftWeatherUITests */,
			);
		};
/* End PBXProject section */

/* Begin PBXResourcesBuildPhase section */
		68842DBD24230B0C006CBB3D /* Resources */ = {
			isa = PBXResourcesBuildPhase;
			buildActionMask = 2147483647;
			files = (
				68842DCF24230B0F006CBB3D /* LaunchScreen.storyboard in Resources */,
				68842DCC24230B0F006CBB3D /* Assets.xcassets in Resources */,
				68842DCA24230B0C006CBB3D /* Main.storyboard in Resources */,
			);
			runOnlyForDeploymentPostprocessing = 0;
		};
		68842DD324230B0F006CBB3D /* Resources */ = {
			isa = PBXResourcesBuildPhase;
			buildActionMask = 2147483647;
			files = (
			);
			runOnlyForDeploymentPostprocessing = 0;
		};
		68842DDE24230B0F006CBB3D /* Resources */ = {
			isa = PBXResourcesBuildPhase;
			buildActionMask = 2147483647;
			files = (
			);
			runOnlyForDeploymentPostprocessing = 0;
		};
/* End PBXResourcesBuildPhase section */

/* Begin PBXSourcesBuildPhase section */
		68842DBB24230B0C006CBB3D /* Sources */ = {
			isa = PBXSourcesBuildPhase;
			buildActionMask = 2147483647;
			files = (
				68842DF52423173B006CBB3D /* Weather.swift in Sources */,
				68842DF324230D7A006CBB3D /* WeatherTableTableViewController.swift in Sources */,
				68842DC324230B0C006CBB3D /* AppDelegate.swift in Sources */,
				68842DC524230B0C006CBB3D /* SceneDelegate.swift in Sources */,
			);
			runOnlyForDeploymentPostprocessing = 0;
		};
		68842DD124230B0F006CBB3D /* Sources */ = {
			isa = PBXSourcesBuildPhase;
			buildActionMask = 2147483647;
			files = (
				68842DDA24230B0F006CBB3D /* SwiftWeatherTests.swift in Sources */,
			);
			runOnlyForDeploymentPostprocessing = 0;
		};
		68842DDC24230B0F006CBB3D /* Sources */ = {
			isa = PBXSourcesBuildPhase;
			buildActionMask = 2147483647;
			files = (
				68842DE524230B0F006CBB3D /* SwiftWeatherUITests.swift in Sources */,
			);
			runOnlyForDeploymentPostprocessing = 0;
		};
/* End PBXSourcesBuildPhase section */

/* Begin PBXTargetDependency section */
		68842DD724230B0F006CBB3D /* PBXTargetDependency */ = {
			isa = PBXTargetDependency;
			target = 68842DBE24230B0C006CBB3D /* SwiftWeather */;
			targetProxy = 68842DD624230B0F006CBB3D /* PBXContainerItemProxy */;
		};
		68842DE224230B0F006CBB3D /* PBXTargetDependency */ = {
			isa = PBXTargetDependency;
			target = 68842DBE24230B0C006CBB3D /* SwiftWeather */;
			targetProxy = 68842DE124230B0F006CBB3D /* PBXContainerItemProxy */;
		};
/* End PBXTargetDependency section */

/* Begin PBXVariantGroup section */
		68842DC824230B0C006CBB3D /* Main.storyboard */ = {
			isa = PBXVariantGroup;
			children = (
				68842DC924230B0C006CBB3D /* Base */,
			);
			name = Main.storyboard;
			sourceTree = "<group>";
		};
		68842DCD24230B0F006CBB3D /* LaunchScreen.storyboard */ = {
			isa = PBXVariantGroup;
			children = (
				68842DCE24230B0F006CBB3D /* Base */,
			);
			name = LaunchScreen.storyboard;
			sourceTree = "<group>";
		};
/* End PBXVariantGroup section */

/* Begin XCBuildConfiguration section */
		68842DE724230B0F006CBB3D /* Debug */ = {
			isa = XCBuildConfiguration;
			buildSettings = {
				ALWAYS_SEARCH_USER_PATHS = NO;
				CLANG_ANALYZER_NONNULL = YES;
				CLANG_ANALYZER_NUMBER_OBJECT_CONVERSION = YES_AGGRESSIVE;
				CLANG_CXX_LANGUAGE_STANDARD = "gnu++14";
				CLANG_CXX_LIBRARY = "libc++";
				CLANG_ENABLE_MODULES = YES;
				CLANG_ENABLE_OBJC_ARC = YES;
				CLANG_ENABLE_OBJC_WEAK = YES;
				CLANG_WARN_BLOCK_CAPTURE_AUTORELEASING = YES;
				CLANG_WARN_BOOL_CONVERSION = YES;
				CLANG_WARN_COMMA = YES;
				CLANG_WARN_CONSTANT_CONVERSION = YES;
				CLANG_WARN_DEPRECATED_OBJC_IMPLEMENTATIONS = YES;
				CLANG_WARN_DIRECT_OBJC_ISA_USAGE = YES_ERROR;
				CLANG_WARN_DOCUMENTATION_COMMENTS = YES;
				CLANG_WARN_EMPTY_BODY = YES;
				CLANG_WARN_ENUM_CONVERSION = YES;
				CLANG_WARN_INFINITE_RECURSION = YES;
				CLANG_WARN_INT_CONVERSION = YES;
				CLANG_WARN_NON_LITERAL_NULL_CONVERSION = YES;
				CLANG_WARN_OBJC_IMPLICIT_RETAIN_SELF = YES;
				CLANG_WARN_OBJC_LITERAL_CONVERSION = YES;
				CLANG_WARN_OBJC_ROOT_CLASS = YES_ERROR;
				CLANG_WARN_RANGE_LOOP_ANALYSIS = YES;
				CLANG_WARN_STRICT_PROTOTYPES = YES;
				CLANG_WARN_SUSPICIOUS_MOVE = YES;
				CLANG_WARN_UNGUARDED_AVAILABILITY = YES_AGGRESSIVE;
				CLANG_WARN_UNREACHABLE_CODE = YES;
				CLANG_WARN__DUPLICATE_METHOD_MATCH = YES;
				COPY_PHASE_STRIP = NO;
				DEBUG_INFORMATION_FORMAT = dwarf;
				ENABLE_STRICT_OBJC_MSGSEND = YES;
				ENABLE_TESTABILITY = YES;
				GCC_C_LANGUAGE_STANDARD = gnu11;
				GCC_DYNAMIC_NO_PIC = NO;
				GCC_NO_COMMON_BLOCKS = YES;
				GCC_OPTIMIZATION_LEVEL = 0;
				GCC_PREPROCESSOR_DEFINITIONS = (
					"DEBUG=1",
					"$(inherited)",
				);
				GCC_WARN_64_TO_32_BIT_CONVERSION = YES;
				GCC_WARN_ABOUT_RETURN_TYPE = YES_ERROR;
				GCC_WARN_UNDECLARED_SELECTOR = YES;
				GCC_WARN_UNINITIALIZED_AUTOS = YES_AGGRESSIVE;
				GCC_WARN_UNUSED_FUNCTION = YES;
				GCC_WARN_UNUSED_VARIABLE = YES;
				IPHONEOS_DEPLOYMENT_TARGET = 13.2;
				MTL_ENABLE_DEBUG_INFO = INCLUDE_SOURCE;
				MTL_FAST_MATH = YES;
				ONLY_ACTIVE_ARCH = YES;
				SDKROOT = iphoneos;
				SWIFT_ACTIVE_COMPILATION_CONDITIONS = DEBUG;
				SWIFT_OPTIMIZATION_LEVEL = "-Onone";
			};
			name = Debug;
		};
		68842DE824230B0F006CBB3D /* Release */ = {
			isa = XCBuildConfiguration;
			buildSettings = {
				ALWAYS_SEARCH_USER_PATHS = NO;
				CLANG_ANALYZER_NONNULL = YES;
				CLANG_ANALYZER_NUMBER_OBJECT_CONVERSION = YES_AGGRESSIVE;
				CLANG_CXX_LANGUAGE_STANDARD = "gnu++14";
				CLANG_CXX_LIBRARY = "libc++";
				CLANG_ENABLE_MODULES = YES;
				CLANG_ENABLE_OBJC_ARC = YES;
				CLANG_ENABLE_OBJC_WEAK = YES;
				CLANG_WARN_BLOCK_CAPTURE_AUTORELEASING = YES;
				CLANG_WARN_BOOL_CONVERSION = YES;
				CLANG_WARN_COMMA = YES;
				CLANG_WARN_CONSTANT_CONVERSION = YES;
				CLANG_WARN_DEPRECATED_OBJC_IMPLEMENTATIONS = YES;
				CLANG_WARN_DIRECT_OBJC_ISA_USAGE = YES_ERROR;
				CLANG_WARN_DOCUMENTATION_COMMENTS = YES;
				CLANG_WARN_EMPTY_BODY = YES;
				CLANG_WARN_ENUM_CONVERSION = YES;
				CLANG_WARN_INFINITE_RECURSION = YES;
				CLANG_WARN_INT_CONVERSION = YES;
				CLANG_WARN_NON_LITERAL_NULL_CONVERSION = YES;
				CLANG_WARN_OBJC_IMPLICIT_RETAIN_SELF = YES;
				CLANG_WARN_OBJC_LITERAL_CONVERSION = YES;
				CLANG_WARN_OBJC_ROOT_CLASS = YES_ERROR;
				CLANG_WARN_RANGE_LOOP_ANALYSIS = YES;
				CLANG_WARN_STRICT_PROTOTYPES = YES;
				CLANG_WARN_SUSPICIOUS_MOVE = YES;
				CLANG_WARN_UNGUARDED_AVAILABILITY = YES_AGGRESSIVE;
				CLANG_WARN_UNREACHABLE_CODE = YES;
				CLANG_WARN__DUPLICATE_METHOD_MATCH = YES;
				COPY_PHASE_STRIP = NO;
				DEBUG_INFORMATION_FORMAT = "dwarf-with-dsym";
				ENABLE_NS_ASSERTIONS = NO;
				ENABLE_STRICT_OBJC_MSGSEND = YES;
				GCC_C_LANGUAGE_STANDARD = gnu11;
				GCC_NO_COMMON_BLOCKS = YES;
				GCC_WARN_64_TO_32_BIT_CONVERSION = YES;
				GCC_WARN_ABOUT_RETURN_TYPE = YES_ERROR;
				GCC_WARN_UNDECLARED_SELECTOR = YES;
				GCC_WARN_UNINITIALIZED_AUTOS = YES_AGGRESSIVE;
				GCC_WARN_UNUSED_FUNCTION = YES;
				GCC_WARN_UNUSED_VARIABLE = YES;
				IPHONEOS_DEPLOYMENT_TARGET = 13.2;
				MTL_ENABLE_DEBUG_INFO = NO;
				MTL_FAST_MATH = YES;
				SDKROOT = iphoneos;
				SWIFT_COMPILATION_MODE = wholemodule;
				SWIFT_OPTIMIZATION_LEVEL = "-O";
				VALIDATE_PRODUCT = YES;
			};
			name = Release;
		};
		68842DEA24230B0F006CBB3D /* Debug */ = {
			isa = XCBuildConfiguration;
			buildSettings = {
				ASSETCATALOG_COMPILER_APPICON_NAME = AppIcon;
				CODE_SIGN_STYLE = Automatic;
				INFOPLIST_FILE = SwiftWeather/Info.plist;
				LD_RUNPATH_SEARCH_PATHS = (
					"$(inherited)",
					"@executable_path/Frameworks",
				);
				PRODUCT_BUNDLE_IDENTIFIER = PragnyaDesh.SwiftWeather;
				PRODUCT_NAME = "$(TARGET_NAME)";
				SWIFT_VERSION = 5.0;
				TARGETED_DEVICE_FAMILY = "1,2";
			};
			name = Debug;
		};
		68842DEB24230B0F006CBB3D /* Release */ = {
			isa = XCBuildConfiguration;
			buildSettings = {
				ASSETCATALOG_COMPILER_APPICON_NAME = AppIcon;
				CODE_SIGN_STYLE = Automatic;
				INFOPLIST_FILE = SwiftWeather/Info.plist;
				LD_RUNPATH_SEARCH_PATHS = (
					"$(inherited)",
					"@executable_path/Frameworks",
				);
				PRODUCT_BUNDLE_IDENTIFIER = PragnyaDesh.SwiftWeather;
				PRODUCT_NAME = "$(TARGET_NAME)";
				SWIFT_VERSION = 5.0;
				TARGETED_DEVICE_FAMILY = "1,2";
			};
			name = Release;
		};
		68842DED24230B0F006CBB3D /* Debug */ = {
			isa = XCBuildConfiguration;
			buildSettings = {
				ALWAYS_EMBED_SWIFT_STANDARD_LIBRARIES = YES;
				BUNDLE_LOADER = "$(TEST_HOST)";
				CODE_SIGN_STYLE = Automatic;
				INFOPLIST_FILE = SwiftWeatherTests/Info.plist;
				IPHONEOS_DEPLOYMENT_TARGET = 13.2;
				LD_RUNPATH_SEARCH_PATHS = (
					"$(inherited)",
					"@executable_path/Frameworks",
					"@loader_path/Frameworks",
				);
				PRODUCT_BUNDLE_IDENTIFIER = PragnyaDesh.SwiftWeatherTests;
				PRODUCT_NAME = "$(TARGET_NAME)";
				SWIFT_VERSION = 5.0;
				TARGETED_DEVICE_FAMILY = "1,2";
				TEST_HOST = "$(BUILT_PRODUCTS_DIR)/SwiftWeather.app/SwiftWeather";
			};
			name = Debug;
		};
		68842DEE24230B0F006CBB3D /* Release */ = {
			isa = XCBuildConfiguration;
			buildSettings = {
				ALWAYS_EMBED_SWIFT_STANDARD_LIBRARIES = YES;
				BUNDLE_LOADER = "$(TEST_HOST)";
				CODE_SIGN_STYLE = Automatic;
				INFOPLIST_FILE = SwiftWeatherTests/Info.plist;
				IPHONEOS_DEPLOYMENT_TARGET = 13.2;
				LD_RUNPATH_SEARCH_PATHS = (
					"$(inherited)",
					"@executable_path/Frameworks",
					"@loader_path/Frameworks",
				);
				PRODUCT_BUNDLE_IDENTIFIER = PragnyaDesh.SwiftWeatherTests;
				PRODUCT_NAME = "$(TARGET_NAME)";
				SWIFT_VERSION = 5.0;
				TARGETED_DEVICE_FAMILY = "1,2";
				TEST_HOST = "$(BUILT_PRODUCTS_DIR)/SwiftWeather.app/SwiftWeather";
			};
			name = Release;
		};
		68842DF024230B0F006CBB3D /* Debug */ = {
			isa = XCBuildConfiguration;
			buildSettings = {
				ALWAYS_EMBED_SWIFT_STANDARD_LIBRARIES = YES;
				CODE_SIGN_STYLE = Automatic;
				INFOPLIST_FILE = SwiftWeatherUITests/Info.plist;
				LD_RUNPATH_SEARCH_PATHS = (
					"$(inherited)",
					"@executable_path/Frameworks",
					"@loader_path/Frameworks",
				);
				PRODUCT_BUNDLE_IDENTIFIER = PragnyaDesh.SwiftWeatherUITests;
				PRODUCT_NAME = "$(TARGET_NAME)";
				SWIFT_VERSION = 5.0;
				TARGETED_DEVICE_FAMILY = "1,2";
				TEST_TARGET_NAME = SwiftWeather;
			};
			name = Debug;
		};
		68842DF124230B0F006CBB3D /* Release */ = {
			isa = XCBuildConfiguration;
			buildSettings = {
				ALWAYS_EMBED_SWIFT_STANDARD_LIBRARIES = YES;
				CODE_SIGN_STYLE = Automatic;
				INFOPLIST_FILE = SwiftWeatherUITests/Info.plist;
				LD_RUNPATH_SEARCH_PATHS = (
					"$(inherited)",
					"@executable_path/Frameworks",
					"@loader_path/Frameworks",
				);
				PRODUCT_BUNDLE_IDENTIFIER = PragnyaDesh.SwiftWeatherUITests;
				PRODUCT_NAME = "$(TARGET_NAME)";
				SWIFT_VERSION = 5.0;
				TARGETED_DEVICE_FAMILY = "1,2";
				TEST_TARGET_NAME = SwiftWeather;
			};
			name = Release;
		};
/* End XCBuildConfiguration section */

/* Begin XCConfigurationList section */
		68842DBA24230B0C006CBB3D /* Build configuration list for PBXProject "SwiftWeather" */ = {
			isa = XCConfigurationList;
			buildConfigurations = (
				68842DE724230B0F006CBB3D /* Debug */,
				68842DE824230B0F006CBB3D /* Release */,
			);
			defaultConfigurationIsVisible = 0;
			defaultConfigurationName = Release;
		};
		68842DE924230B0F006CBB3D /* Build configuration list for PBXNativeTarget "SwiftWeather" */ = {
			isa = XCConfigurationList;
			buildConfigurations = (
				68842DEA24230B0F006CBB3D /* Debug */,
				68842DEB24230B0F006CBB3D /* Release */,
			);
			defaultConfigurationIsVisible = 0;
			defaultConfigurationName = Release;
		};
		68842DEC24230B0F006CBB3D /* Build configuration list for PBXNativeTarget "SwiftWeatherTests" */ = {
			isa = XCConfigurationList;
			buildConfigurations = (
				68842DED24230B0F006CBB3D /* Debug */,
				68842DEE24230B0F006CBB3D /* Release */,
			);
			defaultConfigurationIsVisible = 0;
			defaultConfigurationName = Release;
		};
		68842DEF24230B0F006CBB3D /* Build configuration list for PBXNativeTarget "SwiftWeatherUITests" */ = {
			isa = XCConfigurationList;
			buildConfigurations = (
				68842DF024230B0F006CBB3D /* Debug */,
				68842DF124230B0F006CBB3D /* Release */,
			);
			defaultConfigurationIsVisible = 0;
			defaultConfigurationName = Release;
		};
/* End XCConfigurationList section */
	};
	rootObject = 68842DB724230B0C006CBB3D /* Project object */;
}
